
Microsoft Visual Studio Solution File, Format Version 12.00
# Visual Studio Version 17
VisualStudioVersion = 17.5.002.0
MinimumVisualStudioVersion = 10.0.40219.1
Project("{2150E333-8FDC-42A3-9474-1A3956D46DE8}") = "demo", "demo", "{2880B014-D162-4C3C-975D-64914126AFD8}"
EndProject
Project("{9A19103F-16F7-4668-BE54-9A1E7A4F7556}") = "Aoxe.AspNetCore.Formatters.Demo", "demo\Aoxe.AspNetCore.Formatters.Demo\Aoxe.AspNetCore.Formatters.Demo.csproj", "{58DA6B27-D875-4CBE-BB4D-6491799CF3E0}"
EndProject
Project("{2150E333-8FDC-42A3-9474-1A3956D46DE8}") = "src", "src", "{650DD39C-0A1D-404F-BD7D-2D7B2107E8B6}"
EndProject
Project("{9A19103F-16F7-4668-BE54-9A1E7A4F7556}") = "Aoxe", "src\Aoxe\Aoxe.csproj", "{CF5BE92F-BCF3-4D3A-BCF7-2E2C4986F262}"
EndProject
Project("{9A19103F-16F7-4668-BE54-9A1E7A4F7556}") = "Aoxe.Core", "src\Aoxe.Core\Aoxe.Core.csproj", "{3BE30513-3257-49B1-89AB-97FEF6B6770E}"
EndProject
Project("{9A19103F-16F7-4668-BE54-9A1E7A4F7556}") = "Aoxe.Shared", "src\Aoxe.Shared\Aoxe.Shared.csproj", "{A588899B-4B3C-41F0-A321-FA100446D509}"
EndProject
Project("{2150E333-8FDC-42A3-9474-1A3956D46DE8}") = "tests", "tests", "{11C35851-57C9-43D0-855D-867D3736490A}"
EndProject
Project("{9A19103F-16F7-4668-BE54-9A1E7A4F7556}") = "Aoxe.AspNetCore.Formatters.Tests", "tests\Aoxe.AspNetCore.Formatters.Tests\Aoxe.AspNetCore.Formatters.Tests.csproj", "{A633E729-B87C-4F8A-AC5C-576D213B99F6}"
EndProject
Project("{9A19103F-16F7-4668-BE54-9A1E7A4F7556}") = "Aoxe.Shared.Test", "tests\Aoxe.Shared.Test\Aoxe.Shared.Test.csproj", "{D3408ACA-033F-4012-8693-270BB990F85D}"
EndProject
Project("{2150E333-8FDC-42A3-9474-1A3956D46DE8}") = "Aoxe", "Aoxe", "{B7E13C3C-1B68-41B6-9914-E17EC9874E0E}"
EndProject
Project("{9A19103F-16F7-4668-BE54-9A1E7A4F7556}") = "AliceHost", "demo\Aoxe\AliceHost\AliceHost.csproj", "{AA045940-6159-4263-ABA9-F6B8F6FA54B7}"
EndProject
Project("{9A19103F-16F7-4668-BE54-9A1E7A4F7556}") = "BobHost", "demo\Aoxe\BobHost\BobHost.csproj", "{92690153-F31E-4066-B9A7-57FAD1C742D6}"
EndProject
Project("{9A19103F-16F7-4668-BE54-9A1E7A4F7556}") = "CarolHost", "demo\Aoxe\CarolHost\CarolHost.csproj", "{C659B85C-2836-426E-9295-C7FF5A1442B3}"
EndProject
Project("{9A19103F-16F7-4668-BE54-9A1E7A4F7556}") = "Interfaces", "demo\Aoxe\Interfaces\Interfaces.csproj", "{6EE9239E-C76D-4492-B91B-B50DBBD295F5}"
EndProject
Project("{2150E333-8FDC-42A3-9474-1A3956D46DE8}") = "Aoxe.ThreeTier", "Aoxe.ThreeTier", "{7D1F4FFE-D38F-45BD-8654-37493D626088}"
EndProject
Project("{9A19103F-16F7-4668-BE54-9A1E7A4F7556}") = "BusinessLogicLayer", "demo\Aoxe.ThreeTier\BusinessLogicLayer\BusinessLogicLayer.csproj", "{597F33D5-A89D-43C8-9665-AF2844ECF67A}"
EndProject
Project("{9A19103F-16F7-4668-BE54-9A1E7A4F7556}") = "ConsoleHost", "demo\Aoxe.ThreeTier\ConsoleHost\ConsoleHost.csproj", "{E19564FF-AEA4-4DBC-AF8B-2D752F55DDE6}"
EndProject
Project("{9A19103F-16F7-4668-BE54-9A1E7A4F7556}") = "DataAccessLayer", "demo\Aoxe.ThreeTier\DataAccessLayer\DataAccessLayer.csproj", "{9CC4B1F0-D887-4995-B239-643E1E43DCAD}"
EndProject
Project("{9A19103F-16F7-4668-BE54-9A1E7A4F7556}") = "Model", "demo\Aoxe.ThreeTier\Model\Model.csproj", "{13221DCB-52F9-4C1D-B89E-9CE734E33104}"
EndProject
Project("{9A19103F-16F7-4668-BE54-9A1E7A4F7556}") = "WebApiHost", "demo\Aoxe.ThreeTier\WebApiHost\WebApiHost.csproj", "{A487A6CE-071B-40F9-9CC0-68216F4BA91A}"
EndProject
Project("{2150E333-8FDC-42A3-9474-1A3956D46DE8}") = "Scheduling", "Scheduling", "{277111B4-9FD0-48D6-8BA1-DC8B9A246927}"
EndProject
Project("{9A19103F-16F7-4668-BE54-9A1E7A4F7556}") = "Aoxe.Hangfire", "src\Scheduling\Aoxe.Hangfire\Aoxe.Hangfire.csproj", "{05DC52E7-F1AB-418B-BC1E-A72BE8DE0C44}"
EndProject
Project("{9A19103F-16F7-4668-BE54-9A1E7A4F7556}") = "Aoxe.Quartz", "src\Scheduling\Aoxe.Quartz\Aoxe.Quartz.csproj", "{F1576120-F814-4052-A5D7-3B8CF925BAEF}"
EndProject
Project("{2150E333-8FDC-42A3-9474-1A3956D46DE8}") = "Server", "Server", "{A18FDA34-DE1A-4515-9F65-B36013BD7376}"
EndProject
Project("{2150E333-8FDC-42A3-9474-1A3956D46DE8}") = "AliceSystem", "AliceSystem", "{5EFFF392-4FE5-4144-9BEE-0547061EF84E}"
EndProject
Project("{9A19103F-16F7-4668-BE54-9A1E7A4F7556}") = "AliceServices", "demo\Aoxe\AliceSystem\AliceServices\AliceServices.csproj", "{135CF396-1894-40CA-96AC-F12FCBA1924E}"
EndProject
Project("{9A19103F-16F7-4668-BE54-9A1E7A4F7556}") = "IAliceServices", "demo\Aoxe\AliceSystem\IAliceServices\IAliceServices.csproj", "{D45D9D58-5A29-4131-BC56-3C92E3DEB547}"
EndProject
Project("{2150E333-8FDC-42A3-9474-1A3956D46DE8}") = "BobSystem", "BobSystem", "{FC22DEFE-1361-44D5-93B7-94FA220CF3F3}"
EndProject
Project("{9A19103F-16F7-4668-BE54-9A1E7A4F7556}") = "BobServices", "demo\Aoxe\BobSystem\BobServices\BobServices.csproj", "{99251C9A-08B3-4925-8555-1C2C52DFB9AA}"
EndProject
Project("{9A19103F-16F7-4668-BE54-9A1E7A4F7556}") = "IBobServices", "demo\Aoxe\BobSystem\IBobServices\IBobServices.csproj", "{C2B305B1-4485-4125-A979-A983C82BC6CF}"
EndProject
Project("{2150E333-8FDC-42A3-9474-1A3956D46DE8}") = "CarolSystem", "CarolSystem", "{94CA62D9-12F5-4EC5-8A11-CAD36C9B5212}"
EndProject
Project("{9A19103F-16F7-4668-BE54-9A1E7A4F7556}") = "CarolServices", "demo\Aoxe\CarolSystem\CarolServices\CarolServices.csproj", "{FB7D9778-43CF-45CD-B922-4EE7E84FA13A}"
EndProject
Project("{9A19103F-16F7-4668-BE54-9A1E7A4F7556}") = "ICarolServices", "demo\Aoxe\CarolSystem\ICarolServices\ICarolServices.csproj", "{DFA57B71-45AB-447F-8084-9712E6AE1060}"
EndProject
Project("{2150E333-8FDC-42A3-9474-1A3956D46DE8}") = "Aoxe.DDD", "Aoxe.DDD", "{84498D98-F4A5-4082-87F3-EB06DC769DDF}"
EndProject
Project("{2150E333-8FDC-42A3-9474-1A3956D46DE8}") = "BackendForFrontend", "BackendForFrontend", "{A6B950E4-2CB3-4443-8701-27B58E941721}"
EndProject
Project("{9A19103F-16F7-4668-BE54-9A1E7A4F7556}") = "BackendForBrowser", "demo\Aoxe.DDD\BackendForFrontend\BackendForBrowser\BackendForBrowser.csproj", "{5C2359E8-B5D9-4511-9238-D984BFAD7841}"
EndProject
Project("{9A19103F-16F7-4668-BE54-9A1E7A4F7556}") = "QueryService", "demo\Aoxe.DDD\BackendForFrontend\QueryService\QueryService.csproj", "{6B4E555B-909A-4BE5-8383-36BF8E9398A1}"
EndProject
Project("{2150E333-8FDC-42A3-9474-1A3956D46DE8}") = "MicroService", "MicroService", "{832BD20E-4561-45A8-8D51-CBB5D43AFDDF}"
EndProject
Project("{9A19103F-16F7-4668-BE54-9A1E7A4F7556}") = "Application", "demo\Aoxe.DDD\MicroService\Application\Application.csproj", "{98C32FC1-CB51-47FE-B170-DC10F4C98334}"
EndProject
Project("{9A19103F-16F7-4668-BE54-9A1E7A4F7556}") = "Domain", "demo\Aoxe.DDD\MicroService\Domain\Domain.csproj", "{8F38ED3B-D076-400F-9599-4BD378A4466E}"
EndProject
Project("{9A19103F-16F7-4668-BE54-9A1E7A4F7556}") = "Repository", "demo\Aoxe.DDD\MicroService\Repository\Repository.csproj", "{F1E13151-6784-4669-BA52-05C7C5B5E44B}"
EndProject
Project("{9A19103F-16F7-4668-BE54-9A1E7A4F7556}") = "ServiceHost", "demo\Aoxe.DDD\MicroService\ServiceHost\ServiceHost.csproj", "{99BE3553-F922-4761-B33E-1295DC7F8106}"
EndProject
Project("{2150E333-8FDC-42A3-9474-1A3956D46DE8}") = "Architecture", "Architecture", "{92B75070-6780-415B-BB58-BAC3CBC76A0E}"
EndProject
Project("{2150E333-8FDC-42A3-9474-1A3956D46DE8}") = "DDD", "DDD", "{BD54786D-118F-4393-A317-13764FF13BB2}"
EndProject
Project("{9A19103F-16F7-4668-BE54-9A1E7A4F7556}") = "Aoxe.DDD", "src\Architecture\DDD\Aoxe.DDD\Aoxe.DDD.csproj", "{0566015F-4B97-4312-A8AD-F8965B118059}"
EndProject
Project("{9A19103F-16F7-4668-BE54-9A1E7A4F7556}") = "Aoxe.DDD.Abstractions", "src\Architecture\DDD\Aoxe.DDD.Abstractions\Aoxe.DDD.Abstractions.csproj", "{B116DA14-25DC-4784-BB81-D7672947731E}"
EndProject
Project("{2150E333-8FDC-42A3-9474-1A3956D46DE8}") = "ThreeTier", "ThreeTier", "{CE465B65-2D77-4A8B-8625-97063B84E0A6}"
EndProject
Project("{9A19103F-16F7-4668-BE54-9A1E7A4F7556}") = "Aoxe.ThreeTier", "src\Architecture\ThreeTier\Aoxe.ThreeTier\Aoxe.ThreeTier.csproj", "{BCBD2AEA-34A8-4A23-A71D-9B0F8B20C9C4}"
EndProject
Project("{9A19103F-16F7-4668-BE54-9A1E7A4F7556}") = "Aoxe.ThreeTier.Abstractions", "src\Architecture\ThreeTier\Aoxe.ThreeTier.Abstractions\Aoxe.ThreeTier.Abstractions.csproj", "{480E23D4-4AC1-49A7-AAC1-D9F9D669E4F4}"
EndProject
Project("{2150E333-8FDC-42A3-9474-1A3956D46DE8}") = "Client", "Client", "{5444AA62-D15F-48AC-9F49-8F1FE1BE7B4D}"
EndProject
Project("{2150E333-8FDC-42A3-9474-1A3956D46DE8}") = "Grpc", "Grpc", "{74D0EE0D-4070-4C18-92C8-2B5D4F1CDABE}"
EndProject
Project("{9A19103F-16F7-4668-BE54-9A1E7A4F7556}") = "Aoxe.Client.Grpc", "src\Client\Grpc\Aoxe.Client.Grpc\Aoxe.Client.Grpc.csproj", "{447400A4-621C-4E58-AE96-DFC1EB9D08F4}"
EndProject
Project("{2150E333-8FDC-42A3-9474-1A3956D46DE8}") = "Http", "Http", "{8A05305F-C231-42B7-8EA9-62D61664B6C2}"
EndProject
Project("{9A19103F-16F7-4668-BE54-9A1E7A4F7556}") = "Aoxe.Client.Http", "src\Client\Http\Aoxe.Client.Http\Aoxe.Client.Http.csproj", "{DC9097A7-C30F-4B97-8B98-1AE79D525E2C}"
EndProject
Project("{2150E333-8FDC-42A3-9474-1A3956D46DE8}") = "WebApi", "WebApi", "{E1C7FAAE-E76D-4FA5-9AFC-0AD71E5B2300}"
EndProject
Project("{9A19103F-16F7-4668-BE54-9A1E7A4F7556}") = "Aoxe.WebApi", "src\Server\WebApi\Aoxe.WebApi\Aoxe.WebApi.csproj", "{C014DF4C-08FE-49B6-83B4-D2C699C8E575}"
EndProject
Project("{2150E333-8FDC-42A3-9474-1A3956D46DE8}") = "Formatters", "Formatters", "{5764E5FB-015D-4B46-9B09-821396127BC6}"
EndProject
Project("{9A19103F-16F7-4668-BE54-9A1E7A4F7556}") = "Aoxe.Client.Http.Formatter", "src\Client\Http\Formatters\Aoxe.Client.Http.Formatter\Aoxe.Client.Http.Formatter.csproj", "{0B20F676-4AF0-40A3-A627-2CB71D9795D1}"
EndProject
Project("{9A19103F-16F7-4668-BE54-9A1E7A4F7556}") = "Aoxe.Client.Http.Jil", "src\Client\Http\Formatters\Aoxe.Client.Http.Jil\Aoxe.Client.Http.Jil.csproj", "{E70194DC-7F18-4EF0-855B-E9FFD69F66E3}"
EndProject
Project("{9A19103F-16F7-4668-BE54-9A1E7A4F7556}") = "Aoxe.Client.Http.MsgPack", "src\Client\Http\Formatters\Aoxe.Client.Http.MsgPack\Aoxe.Client.Http.MsgPack.csproj", "{988E0BE7-5519-411F-BAC5-371B3DB855C4}"
EndProject
Project("{9A19103F-16F7-4668-BE54-9A1E7A4F7556}") = "Aoxe.Client.Http.Protobuf", "src\Client\Http\Formatters\Aoxe.Client.Http.Protobuf\Aoxe.Client.Http.Protobuf.csproj", "{AB73A1FF-8716-41C7-B181-4FFC1B73B063}"
EndProject
Project("{9A19103F-16F7-4668-BE54-9A1E7A4F7556}") = "Aoxe.Client.Http.Utf8Json", "src\Client\Http\Formatters\Aoxe.Client.Http.Utf8Json\Aoxe.Client.Http.Utf8Json.csproj", "{582D3661-A678-4D68-870A-991CD7B101C5}"
EndProject
Project("{9A19103F-16F7-4668-BE54-9A1E7A4F7556}") = "Aoxe.Client.Http.Zeroformatter", "src\Client\Http\Formatters\Aoxe.Client.Http.Zeroformatter\Aoxe.Client.Http.Zeroformatter.csproj", "{7DB3A552-4CB5-45E2-AEB3-8F7DC185D594}"
EndProject
Project("{2150E333-8FDC-42A3-9474-1A3956D46DE8}") = "Aoxe.WebApi.Formatters", "Aoxe.WebApi.Formatters", "{542A5CA2-4552-4DA8-BDAA-07181A164541}"
EndProject
Project("{9A19103F-16F7-4668-BE54-9A1E7A4F7556}") = "Aoxe.AspNetCore.Formatters", "src\Server\WebApi\Aoxe.WebApi.Formatters\Aoxe.AspNetCore.Formatters\Aoxe.AspNetCore.Formatters.csproj", "{02954E8D-7471-47BB-AC96-FBFC67213446}"
EndProject
Project("{9A19103F-16F7-4668-BE54-9A1E7A4F7556}") = "Aoxe.AspNetCore.Formatters.Jil", "src\Server\WebApi\Aoxe.WebApi.Formatters\Aoxe.AspNetCore.Formatters.Jil\Aoxe.AspNetCore.Formatters.Jil.csproj", "{7FB0D9F3-D596-43FD-8B38-3E773E8D5A57}"
EndProject
Project("{9A19103F-16F7-4668-BE54-9A1E7A4F7556}") = "Aoxe.AspNetCore.Formatters.MsgPack", "src\Server\WebApi\Aoxe.WebApi.Formatters\Aoxe.AspNetCore.Formatters.MsgPack\Aoxe.AspNetCore.Formatters.MsgPack.csproj", "{C11A4758-276F-4BFD-99ED-D8A99CEA3F80}"
EndProject
Project("{9A19103F-16F7-4668-BE54-9A1E7A4F7556}") = "Aoxe.AspNetCore.Formatters.Protobuf", "src\Server\WebApi\Aoxe.WebApi.Formatters\Aoxe.AspNetCore.Formatters.Protobuf\Aoxe.AspNetCore.Formatters.Protobuf.csproj", "{C9C6ECB4-CA81-409E-B7C8-DB9F1E05058E}"
EndProject
Project("{9A19103F-16F7-4668-BE54-9A1E7A4F7556}") = "Aoxe.AspNetCore.Formatters.Utf8Json", "src\Server\WebApi\Aoxe.WebApi.Formatters\Aoxe.AspNetCore.Formatters.Utf8Json\Aoxe.AspNetCore.Formatters.Utf8Json.csproj", "{C02B0F95-0B2A-48DD-B347-2F18DF68EA65}"
EndProject
Project("{9A19103F-16F7-4668-BE54-9A1E7A4F7556}") = "Aoxe.AspNetCore.Formatters.ZeroFormatter", "src\Server\WebApi\Aoxe.WebApi.Formatters\Aoxe.AspNetCore.Formatters.ZeroFormatter\Aoxe.AspNetCore.Formatters.ZeroFormatter.csproj", "{758DD4EF-F1E0-48C9-9C46-B3C4370CE84B}"
EndProject
Project("{2150E333-8FDC-42A3-9474-1A3956D46DE8}") = "Grpc", "Grpc", "{C8B3B393-FED9-4C1A-8C39-5271199ACFE4}"
EndProject
Project("{FAE04EC0-301F-11D3-BF4B-00C04F79EFBC}") = "Aoxe.Grpc", "src\Server\Grpc\Aoxe.Grpc\Aoxe.Grpc.csproj", "{06F93311-548F-4602-8E70-1223012B2DA4}"
EndProject
Project("{2150E333-8FDC-42A3-9474-1A3956D46DE8}") = "AutoSubscribe", "AutoSubscribe", "{6DD3F148-2E88-4210-8B2E-95C0EC69E528}"
EndProject
Project("{2150E333-8FDC-42A3-9474-1A3956D46DE8}") = "PubSub", "PubSub", "{1814D43E-9C6A-4FFF-BA6E-DFA9D829F42B}"
EndProject
Global
	GlobalSection(SolutionConfigurationPlatforms) = preSolution
		Debug|Any CPU = Debug|Any CPU
		Release|Any CPU = Release|Any CPU
	EndGlobalSection
	GlobalSection(ProjectConfigurationPlatforms) = postSolution
		{58DA6B27-D875-4CBE-BB4D-6491799CF3E0}.Debug|Any CPU.ActiveCfg = Debug|Any CPU
		{58DA6B27-D875-4CBE-BB4D-6491799CF3E0}.Debug|Any CPU.Build.0 = Debug|Any CPU
		{58DA6B27-D875-4CBE-BB4D-6491799CF3E0}.Release|Any CPU.ActiveCfg = Release|Any CPU
		{58DA6B27-D875-4CBE-BB4D-6491799CF3E0}.Release|Any CPU.Build.0 = Release|Any CPU
		{CF5BE92F-BCF3-4D3A-BCF7-2E2C4986F262}.Debug|Any CPU.ActiveCfg = Debug|Any CPU
		{CF5BE92F-BCF3-4D3A-BCF7-2E2C4986F262}.Debug|Any CPU.Build.0 = Debug|Any CPU
		{CF5BE92F-BCF3-4D3A-BCF7-2E2C4986F262}.Release|Any CPU.ActiveCfg = Release|Any CPU
		{CF5BE92F-BCF3-4D3A-BCF7-2E2C4986F262}.Release|Any CPU.Build.0 = Release|Any CPU
		{3BE30513-3257-49B1-89AB-97FEF6B6770E}.Debug|Any CPU.ActiveCfg = Debug|Any CPU
		{3BE30513-3257-49B1-89AB-97FEF6B6770E}.Debug|Any CPU.Build.0 = Debug|Any CPU
		{3BE30513-3257-49B1-89AB-97FEF6B6770E}.Release|Any CPU.ActiveCfg = Release|Any CPU
		{3BE30513-3257-49B1-89AB-97FEF6B6770E}.Release|Any CPU.Build.0 = Release|Any CPU
		{A588899B-4B3C-41F0-A321-FA100446D509}.Debug|Any CPU.ActiveCfg = Debug|Any CPU
		{A588899B-4B3C-41F0-A321-FA100446D509}.Debug|Any CPU.Build.0 = Debug|Any CPU
		{A588899B-4B3C-41F0-A321-FA100446D509}.Release|Any CPU.ActiveCfg = Release|Any CPU
		{A588899B-4B3C-41F0-A321-FA100446D509}.Release|Any CPU.Build.0 = Release|Any CPU
		{A633E729-B87C-4F8A-AC5C-576D213B99F6}.Debug|Any CPU.ActiveCfg = Debug|Any CPU
		{A633E729-B87C-4F8A-AC5C-576D213B99F6}.Debug|Any CPU.Build.0 = Debug|Any CPU
		{A633E729-B87C-4F8A-AC5C-576D213B99F6}.Release|Any CPU.ActiveCfg = Release|Any CPU
		{A633E729-B87C-4F8A-AC5C-576D213B99F6}.Release|Any CPU.Build.0 = Release|Any CPU
		{D3408ACA-033F-4012-8693-270BB990F85D}.Debug|Any CPU.ActiveCfg = Debug|Any CPU
		{D3408ACA-033F-4012-8693-270BB990F85D}.Debug|Any CPU.Build.0 = Debug|Any CPU
		{D3408ACA-033F-4012-8693-270BB990F85D}.Release|Any CPU.ActiveCfg = Release|Any CPU
		{D3408ACA-033F-4012-8693-270BB990F85D}.Release|Any CPU.Build.0 = Release|Any CPU
		{AA045940-6159-4263-ABA9-F6B8F6FA54B7}.Debug|Any CPU.ActiveCfg = Debug|Any CPU
		{AA045940-6159-4263-ABA9-F6B8F6FA54B7}.Debug|Any CPU.Build.0 = Debug|Any CPU
		{AA045940-6159-4263-ABA9-F6B8F6FA54B7}.Release|Any CPU.ActiveCfg = Release|Any CPU
		{AA045940-6159-4263-ABA9-F6B8F6FA54B7}.Release|Any CPU.Build.0 = Release|Any CPU
		{92690153-F31E-4066-B9A7-57FAD1C742D6}.Debug|Any CPU.ActiveCfg = Debug|Any CPU
		{92690153-F31E-4066-B9A7-57FAD1C742D6}.Debug|Any CPU.Build.0 = Debug|Any CPU
		{92690153-F31E-4066-B9A7-57FAD1C742D6}.Release|Any CPU.ActiveCfg = Release|Any CPU
		{92690153-F31E-4066-B9A7-57FAD1C742D6}.Release|Any CPU.Build.0 = Release|Any CPU
		{C659B85C-2836-426E-9295-C7FF5A1442B3}.Debug|Any CPU.ActiveCfg = Debug|Any CPU
		{C659B85C-2836-426E-9295-C7FF5A1442B3}.Debug|Any CPU.Build.0 = Debug|Any CPU
		{C659B85C-2836-426E-9295-C7FF5A1442B3}.Release|Any CPU.ActiveCfg = Release|Any CPU
		{C659B85C-2836-426E-9295-C7FF5A1442B3}.Release|Any CPU.Build.0 = Release|Any CPU
		{6EE9239E-C76D-4492-B91B-B50DBBD295F5}.Debug|Any CPU.ActiveCfg = Debug|Any CPU
		{6EE9239E-C76D-4492-B91B-B50DBBD295F5}.Debug|Any CPU.Build.0 = Debug|Any CPU
		{6EE9239E-C76D-4492-B91B-B50DBBD295F5}.Release|Any CPU.ActiveCfg = Release|Any CPU
		{6EE9239E-C76D-4492-B91B-B50DBBD295F5}.Release|Any CPU.Build.0 = Release|Any CPU
		{597F33D5-A89D-43C8-9665-AF2844ECF67A}.Debug|Any CPU.ActiveCfg = Debug|Any CPU
		{597F33D5-A89D-43C8-9665-AF2844ECF67A}.Debug|Any CPU.Build.0 = Debug|Any CPU
		{597F33D5-A89D-43C8-9665-AF2844ECF67A}.Release|Any CPU.ActiveCfg = Release|Any CPU
		{597F33D5-A89D-43C8-9665-AF2844ECF67A}.Release|Any CPU.Build.0 = Release|Any CPU
		{E19564FF-AEA4-4DBC-AF8B-2D752F55DDE6}.Debug|Any CPU.ActiveCfg = Debug|Any CPU
		{E19564FF-AEA4-4DBC-AF8B-2D752F55DDE6}.Debug|Any CPU.Build.0 = Debug|Any CPU
		{E19564FF-AEA4-4DBC-AF8B-2D752F55DDE6}.Release|Any CPU.ActiveCfg = Release|Any CPU
		{E19564FF-AEA4-4DBC-AF8B-2D752F55DDE6}.Release|Any CPU.Build.0 = Release|Any CPU
		{9CC4B1F0-D887-4995-B239-643E1E43DCAD}.Debug|Any CPU.ActiveCfg = Debug|Any CPU
		{9CC4B1F0-D887-4995-B239-643E1E43DCAD}.Debug|Any CPU.Build.0 = Debug|Any CPU
		{9CC4B1F0-D887-4995-B239-643E1E43DCAD}.Release|Any CPU.ActiveCfg = Release|Any CPU
		{9CC4B1F0-D887-4995-B239-643E1E43DCAD}.Release|Any CPU.Build.0 = Release|Any CPU
		{13221DCB-52F9-4C1D-B89E-9CE734E33104}.Debug|Any CPU.ActiveCfg = Debug|Any CPU
		{13221DCB-52F9-4C1D-B89E-9CE734E33104}.Debug|Any CPU.Build.0 = Debug|Any CPU
		{13221DCB-52F9-4C1D-B89E-9CE734E33104}.Release|Any CPU.ActiveCfg = Release|Any CPU
		{13221DCB-52F9-4C1D-B89E-9CE734E33104}.Release|Any CPU.Build.0 = Release|Any CPU
		{A487A6CE-071B-40F9-9CC0-68216F4BA91A}.Debug|Any CPU.ActiveCfg = Debug|Any CPU
		{A487A6CE-071B-40F9-9CC0-68216F4BA91A}.Debug|Any CPU.Build.0 = Debug|Any CPU
		{A487A6CE-071B-40F9-9CC0-68216F4BA91A}.Release|Any CPU.ActiveCfg = Release|Any CPU
		{A487A6CE-071B-40F9-9CC0-68216F4BA91A}.Release|Any CPU.Build.0 = Release|Any CPU
		{05DC52E7-F1AB-418B-BC1E-A72BE8DE0C44}.Debug|Any CPU.ActiveCfg = Debug|Any CPU
		{05DC52E7-F1AB-418B-BC1E-A72BE8DE0C44}.Debug|Any CPU.Build.0 = Debug|Any CPU
		{05DC52E7-F1AB-418B-BC1E-A72BE8DE0C44}.Release|Any CPU.ActiveCfg = Release|Any CPU
		{05DC52E7-F1AB-418B-BC1E-A72BE8DE0C44}.Release|Any CPU.Build.0 = Release|Any CPU
		{F1576120-F814-4052-A5D7-3B8CF925BAEF}.Debug|Any CPU.ActiveCfg = Debug|Any CPU
		{F1576120-F814-4052-A5D7-3B8CF925BAEF}.Debug|Any CPU.Build.0 = Debug|Any CPU
		{F1576120-F814-4052-A5D7-3B8CF925BAEF}.Release|Any CPU.ActiveCfg = Release|Any CPU
		{F1576120-F814-4052-A5D7-3B8CF925BAEF}.Release|Any CPU.Build.0 = Release|Any CPU
		{135CF396-1894-40CA-96AC-F12FCBA1924E}.Debug|Any CPU.ActiveCfg = Debug|Any CPU
		{135CF396-1894-40CA-96AC-F12FCBA1924E}.Debug|Any CPU.Build.0 = Debug|Any CPU
		{135CF396-1894-40CA-96AC-F12FCBA1924E}.Release|Any CPU.ActiveCfg = Release|Any CPU
		{135CF396-1894-40CA-96AC-F12FCBA1924E}.Release|Any CPU.Build.0 = Release|Any CPU
		{D45D9D58-5A29-4131-BC56-3C92E3DEB547}.Debug|Any CPU.ActiveCfg = Debug|Any CPU
		{D45D9D58-5A29-4131-BC56-3C92E3DEB547}.Debug|Any CPU.Build.0 = Debug|Any CPU
		{D45D9D58-5A29-4131-BC56-3C92E3DEB547}.Release|Any CPU.ActiveCfg = Release|Any CPU
		{D45D9D58-5A29-4131-BC56-3C92E3DEB547}.Release|Any CPU.Build.0 = Release|Any CPU
		{99251C9A-08B3-4925-8555-1C2C52DFB9AA}.Debug|Any CPU.ActiveCfg = Debug|Any CPU
		{99251C9A-08B3-4925-8555-1C2C52DFB9AA}.Debug|Any CPU.Build.0 = Debug|Any CPU
		{99251C9A-08B3-4925-8555-1C2C52DFB9AA}.Release|Any CPU.ActiveCfg = Release|Any CPU
		{99251C9A-08B3-4925-8555-1C2C52DFB9AA}.Release|Any CPU.Build.0 = Release|Any CPU
		{C2B305B1-4485-4125-A979-A983C82BC6CF}.Debug|Any CPU.ActiveCfg = Debug|Any CPU
		{C2B305B1-4485-4125-A979-A983C82BC6CF}.Debug|Any CPU.Build.0 = Debug|Any CPU
		{C2B305B1-4485-4125-A979-A983C82BC6CF}.Release|Any CPU.ActiveCfg = Release|Any CPU
		{C2B305B1-4485-4125-A979-A983C82BC6CF}.Release|Any CPU.Build.0 = Release|Any CPU
		{FB7D9778-43CF-45CD-B922-4EE7E84FA13A}.Debug|Any CPU.ActiveCfg = Debug|Any CPU
		{FB7D9778-43CF-45CD-B922-4EE7E84FA13A}.Debug|Any CPU.Build.0 = Debug|Any CPU
		{FB7D9778-43CF-45CD-B922-4EE7E84FA13A}.Release|Any CPU.ActiveCfg = Release|Any CPU
		{FB7D9778-43CF-45CD-B922-4EE7E84FA13A}.Release|Any CPU.Build.0 = Release|Any CPU
		{DFA57B71-45AB-447F-8084-9712E6AE1060}.Debug|Any CPU.ActiveCfg = Debug|Any CPU
		{DFA57B71-45AB-447F-8084-9712E6AE1060}.Debug|Any CPU.Build.0 = Debug|Any CPU
		{DFA57B71-45AB-447F-8084-9712E6AE1060}.Release|Any CPU.ActiveCfg = Release|Any CPU
		{DFA57B71-45AB-447F-8084-9712E6AE1060}.Release|Any CPU.Build.0 = Release|Any CPU
		{5C2359E8-B5D9-4511-9238-D984BFAD7841}.Debug|Any CPU.ActiveCfg = Debug|Any CPU
		{5C2359E8-B5D9-4511-9238-D984BFAD7841}.Debug|Any CPU.Build.0 = Debug|Any CPU
		{5C2359E8-B5D9-4511-9238-D984BFAD7841}.Release|Any CPU.ActiveCfg = Release|Any CPU
		{5C2359E8-B5D9-4511-9238-D984BFAD7841}.Release|Any CPU.Build.0 = Release|Any CPU
		{6B4E555B-909A-4BE5-8383-36BF8E9398A1}.Debug|Any CPU.ActiveCfg = Debug|Any CPU
		{6B4E555B-909A-4BE5-8383-36BF8E9398A1}.Debug|Any CPU.Build.0 = Debug|Any CPU
		{6B4E555B-909A-4BE5-8383-36BF8E9398A1}.Release|Any CPU.ActiveCfg = Release|Any CPU
		{6B4E555B-909A-4BE5-8383-36BF8E9398A1}.Release|Any CPU.Build.0 = Release|Any CPU
		{98C32FC1-CB51-47FE-B170-DC10F4C98334}.Debug|Any CPU.ActiveCfg = Debug|Any CPU
		{98C32FC1-CB51-47FE-B170-DC10F4C98334}.Debug|Any CPU.Build.0 = Debug|Any CPU
		{98C32FC1-CB51-47FE-B170-DC10F4C98334}.Release|Any CPU.ActiveCfg = Release|Any CPU
		{98C32FC1-CB51-47FE-B170-DC10F4C98334}.Release|Any CPU.Build.0 = Release|Any CPU
		{8F38ED3B-D076-400F-9599-4BD378A4466E}.Debug|Any CPU.ActiveCfg = Debug|Any CPU
		{8F38ED3B-D076-400F-9599-4BD378A4466E}.Debug|Any CPU.Build.0 = Debug|Any CPU
		{8F38ED3B-D076-400F-9599-4BD378A4466E}.Release|Any CPU.ActiveCfg = Release|Any CPU
		{8F38ED3B-D076-400F-9599-4BD378A4466E}.Release|Any CPU.Build.0 = Release|Any CPU
		{F1E13151-6784-4669-BA52-05C7C5B5E44B}.Debug|Any CPU.ActiveCfg = Debug|Any CPU
		{F1E13151-6784-4669-BA52-05C7C5B5E44B}.Debug|Any CPU.Build.0 = Debug|Any CPU
		{F1E13151-6784-4669-BA52-05C7C5B5E44B}.Release|Any CPU.ActiveCfg = Release|Any CPU
		{F1E13151-6784-4669-BA52-05C7C5B5E44B}.Release|Any CPU.Build.0 = Release|Any CPU
		{99BE3553-F922-4761-B33E-1295DC7F8106}.Debug|Any CPU.ActiveCfg = Debug|Any CPU
		{99BE3553-F922-4761-B33E-1295DC7F8106}.Debug|Any CPU.Build.0 = Debug|Any CPU
		{99BE3553-F922-4761-B33E-1295DC7F8106}.Release|Any CPU.ActiveCfg = Release|Any CPU
		{99BE3553-F922-4761-B33E-1295DC7F8106}.Release|Any CPU.Build.0 = Release|Any CPU
		{0566015F-4B97-4312-A8AD-F8965B118059}.Debug|Any CPU.ActiveCfg = Debug|Any CPU
		{0566015F-4B97-4312-A8AD-F8965B118059}.Debug|Any CPU.Build.0 = Debug|Any CPU
		{0566015F-4B97-4312-A8AD-F8965B118059}.Release|Any CPU.ActiveCfg = Release|Any CPU
		{0566015F-4B97-4312-A8AD-F8965B118059}.Release|Any CPU.Build.0 = Release|Any CPU
		{B116DA14-25DC-4784-BB81-D7672947731E}.Debug|Any CPU.ActiveCfg = Debug|Any CPU
		{B116DA14-25DC-4784-BB81-D7672947731E}.Debug|Any CPU.Build.0 = Debug|Any CPU
		{B116DA14-25DC-4784-BB81-D7672947731E}.Release|Any CPU.ActiveCfg = Release|Any CPU
		{B116DA14-25DC-4784-BB81-D7672947731E}.Release|Any CPU.Build.0 = Release|Any CPU
		{BCBD2AEA-34A8-4A23-A71D-9B0F8B20C9C4}.Debug|Any CPU.ActiveCfg = Debug|Any CPU
		{BCBD2AEA-34A8-4A23-A71D-9B0F8B20C9C4}.Debug|Any CPU.Build.0 = Debug|Any CPU
		{BCBD2AEA-34A8-4A23-A71D-9B0F8B20C9C4}.Release|Any CPU.ActiveCfg = Release|Any CPU
		{BCBD2AEA-34A8-4A23-A71D-9B0F8B20C9C4}.Release|Any CPU.Build.0 = Release|Any CPU
		{480E23D4-4AC1-49A7-AAC1-D9F9D669E4F4}.Debug|Any CPU.ActiveCfg = Debug|Any CPU
		{480E23D4-4AC1-49A7-AAC1-D9F9D669E4F4}.Debug|Any CPU.Build.0 = Debug|Any CPU
		{480E23D4-4AC1-49A7-AAC1-D9F9D669E4F4}.Release|Any CPU.ActiveCfg = Release|Any CPU
		{480E23D4-4AC1-49A7-AAC1-D9F9D669E4F4}.Release|Any CPU.Build.0 = Release|Any CPU
		{447400A4-621C-4E58-AE96-DFC1EB9D08F4}.Debug|Any CPU.ActiveCfg = Debug|Any CPU
		{447400A4-621C-4E58-AE96-DFC1EB9D08F4}.Debug|Any CPU.Build.0 = Debug|Any CPU
		{447400A4-621C-4E58-AE96-DFC1EB9D08F4}.Release|Any CPU.ActiveCfg = Release|Any CPU
		{447400A4-621C-4E58-AE96-DFC1EB9D08F4}.Release|Any CPU.Build.0 = Release|Any CPU
		{DC9097A7-C30F-4B97-8B98-1AE79D525E2C}.Debug|Any CPU.ActiveCfg = Debug|Any CPU
		{DC9097A7-C30F-4B97-8B98-1AE79D525E2C}.Debug|Any CPU.Build.0 = Debug|Any CPU
		{DC9097A7-C30F-4B97-8B98-1AE79D525E2C}.Release|Any CPU.ActiveCfg = Release|Any CPU
		{DC9097A7-C30F-4B97-8B98-1AE79D525E2C}.Release|Any CPU.Build.0 = Release|Any CPU
		{C014DF4C-08FE-49B6-83B4-D2C699C8E575}.Debug|Any CPU.ActiveCfg = Debug|Any CPU
		{C014DF4C-08FE-49B6-83B4-D2C699C8E575}.Debug|Any CPU.Build.0 = Debug|Any CPU
		{C014DF4C-08FE-49B6-83B4-D2C699C8E575}.Release|Any CPU.ActiveCfg = Release|Any CPU
		{C014DF4C-08FE-49B6-83B4-D2C699C8E575}.Release|Any CPU.Build.0 = Release|Any CPU
		{0B20F676-4AF0-40A3-A627-2CB71D9795D1}.Debug|Any CPU.ActiveCfg = Debug|Any CPU
		{0B20F676-4AF0-40A3-A627-2CB71D9795D1}.Debug|Any CPU.Build.0 = Debug|Any CPU
		{0B20F676-4AF0-40A3-A627-2CB71D9795D1}.Release|Any CPU.ActiveCfg = Release|Any CPU
		{0B20F676-4AF0-40A3-A627-2CB71D9795D1}.Release|Any CPU.Build.0 = Release|Any CPU
		{E70194DC-7F18-4EF0-855B-E9FFD69F66E3}.Debug|Any CPU.ActiveCfg = Debug|Any CPU
		{E70194DC-7F18-4EF0-855B-E9FFD69F66E3}.Debug|Any CPU.Build.0 = Debug|Any CPU
		{E70194DC-7F18-4EF0-855B-E9FFD69F66E3}.Release|Any CPU.ActiveCfg = Release|Any CPU
		{E70194DC-7F18-4EF0-855B-E9FFD69F66E3}.Release|Any CPU.Build.0 = Release|Any CPU
		{988E0BE7-5519-411F-BAC5-371B3DB855C4}.Debug|Any CPU.ActiveCfg = Debug|Any CPU
		{988E0BE7-5519-411F-BAC5-371B3DB855C4}.Debug|Any CPU.Build.0 = Debug|Any CPU
		{988E0BE7-5519-411F-BAC5-371B3DB855C4}.Release|Any CPU.ActiveCfg = Release|Any CPU
		{988E0BE7-5519-411F-BAC5-371B3DB855C4}.Release|Any CPU.Build.0 = Release|Any CPU
		{AB73A1FF-8716-41C7-B181-4FFC1B73B063}.Debug|Any CPU.ActiveCfg = Debug|Any CPU
		{AB73A1FF-8716-41C7-B181-4FFC1B73B063}.Debug|Any CPU.Build.0 = Debug|Any CPU
		{AB73A1FF-8716-41C7-B181-4FFC1B73B063}.Release|Any CPU.ActiveCfg = Release|Any CPU
		{AB73A1FF-8716-41C7-B181-4FFC1B73B063}.Release|Any CPU.Build.0 = Release|Any CPU
		{582D3661-A678-4D68-870A-991CD7B101C5}.Debug|Any CPU.ActiveCfg = Debug|Any CPU
		{582D3661-A678-4D68-870A-991CD7B101C5}.Debug|Any CPU.Build.0 = Debug|Any CPU
		{582D3661-A678-4D68-870A-991CD7B101C5}.Release|Any CPU.ActiveCfg = Release|Any CPU
		{582D3661-A678-4D68-870A-991CD7B101C5}.Release|Any CPU.Build.0 = Release|Any CPU
		{7DB3A552-4CB5-45E2-AEB3-8F7DC185D594}.Debug|Any CPU.ActiveCfg = Debug|Any CPU
		{7DB3A552-4CB5-45E2-AEB3-8F7DC185D594}.Debug|Any CPU.Build.0 = Debug|Any CPU
		{7DB3A552-4CB5-45E2-AEB3-8F7DC185D594}.Release|Any CPU.ActiveCfg = Release|Any CPU
		{7DB3A552-4CB5-45E2-AEB3-8F7DC185D594}.Release|Any CPU.Build.0 = Release|Any CPU
		{02954E8D-7471-47BB-AC96-FBFC67213446}.Debug|Any CPU.ActiveCfg = Debug|Any CPU
		{02954E8D-7471-47BB-AC96-FBFC67213446}.Debug|Any CPU.Build.0 = Debug|Any CPU
		{02954E8D-7471-47BB-AC96-FBFC67213446}.Release|Any CPU.ActiveCfg = Release|Any CPU
		{02954E8D-7471-47BB-AC96-FBFC67213446}.Release|Any CPU.Build.0 = Release|Any CPU
		{7FB0D9F3-D596-43FD-8B38-3E773E8D5A57}.Debug|Any CPU.ActiveCfg = Debug|Any CPU
		{7FB0D9F3-D596-43FD-8B38-3E773E8D5A57}.Debug|Any CPU.Build.0 = Debug|Any CPU
		{7FB0D9F3-D596-43FD-8B38-3E773E8D5A57}.Release|Any CPU.ActiveCfg = Release|Any CPU
		{7FB0D9F3-D596-43FD-8B38-3E773E8D5A57}.Release|Any CPU.Build.0 = Release|Any CPU
		{C11A4758-276F-4BFD-99ED-D8A99CEA3F80}.Debug|Any CPU.ActiveCfg = Debug|Any CPU
		{C11A4758-276F-4BFD-99ED-D8A99CEA3F80}.Debug|Any CPU.Build.0 = Debug|Any CPU
		{C11A4758-276F-4BFD-99ED-D8A99CEA3F80}.Release|Any CPU.ActiveCfg = Release|Any CPU
		{C11A4758-276F-4BFD-99ED-D8A99CEA3F80}.Release|Any CPU.Build.0 = Release|Any CPU
		{C9C6ECB4-CA81-409E-B7C8-DB9F1E05058E}.Debug|Any CPU.ActiveCfg = Debug|Any CPU
		{C9C6ECB4-CA81-409E-B7C8-DB9F1E05058E}.Debug|Any CPU.Build.0 = Debug|Any CPU
		{C9C6ECB4-CA81-409E-B7C8-DB9F1E05058E}.Release|Any CPU.ActiveCfg = Release|Any CPU
		{C9C6ECB4-CA81-409E-B7C8-DB9F1E05058E}.Release|Any CPU.Build.0 = Release|Any CPU
		{C02B0F95-0B2A-48DD-B347-2F18DF68EA65}.Debug|Any CPU.ActiveCfg = Debug|Any CPU
		{C02B0F95-0B2A-48DD-B347-2F18DF68EA65}.Debug|Any CPU.Build.0 = Debug|Any CPU
		{C02B0F95-0B2A-48DD-B347-2F18DF68EA65}.Release|Any CPU.ActiveCfg = Release|Any CPU
		{C02B0F95-0B2A-48DD-B347-2F18DF68EA65}.Release|Any CPU.Build.0 = Release|Any CPU
		{758DD4EF-F1E0-48C9-9C46-B3C4370CE84B}.Debug|Any CPU.ActiveCfg = Debug|Any CPU
		{758DD4EF-F1E0-48C9-9C46-B3C4370CE84B}.Debug|Any CPU.Build.0 = Debug|Any CPU
		{758DD4EF-F1E0-48C9-9C46-B3C4370CE84B}.Release|Any CPU.ActiveCfg = Release|Any CPU
		{758DD4EF-F1E0-48C9-9C46-B3C4370CE84B}.Release|Any CPU.Build.0 = Release|Any CPU
		{06F93311-548F-4602-8E70-1223012B2DA4}.Debug|Any CPU.ActiveCfg = Debug|Any CPU
		{06F93311-548F-4602-8E70-1223012B2DA4}.Debug|Any CPU.Build.0 = Debug|Any CPU
		{06F93311-548F-4602-8E70-1223012B2DA4}.Release|Any CPU.ActiveCfg = Release|Any CPU
		{06F93311-548F-4602-8E70-1223012B2DA4}.Release|Any CPU.Build.0 = Release|Any CPU
	EndGlobalSection
	GlobalSection(SolutionProperties) = preSolution
		HideSolutionNode = FALSE
	EndGlobalSection
	GlobalSection(NestedProjects) = preSolution
		{58DA6B27-D875-4CBE-BB4D-6491799CF3E0} = {2880B014-D162-4C3C-975D-64914126AFD8}
		{CF5BE92F-BCF3-4D3A-BCF7-2E2C4986F262} = {650DD39C-0A1D-404F-BD7D-2D7B2107E8B6}
		{3BE30513-3257-49B1-89AB-97FEF6B6770E} = {650DD39C-0A1D-404F-BD7D-2D7B2107E8B6}
		{A588899B-4B3C-41F0-A321-FA100446D509} = {650DD39C-0A1D-404F-BD7D-2D7B2107E8B6}
		{A633E729-B87C-4F8A-AC5C-576D213B99F6} = {11C35851-57C9-43D0-855D-867D3736490A}
		{D3408ACA-033F-4012-8693-270BB990F85D} = {11C35851-57C9-43D0-855D-867D3736490A}
		{B7E13C3C-1B68-41B6-9914-E17EC9874E0E} = {2880B014-D162-4C3C-975D-64914126AFD8}
		{AA045940-6159-4263-ABA9-F6B8F6FA54B7} = {B7E13C3C-1B68-41B6-9914-E17EC9874E0E}
		{92690153-F31E-4066-B9A7-57FAD1C742D6} = {B7E13C3C-1B68-41B6-9914-E17EC9874E0E}
		{C659B85C-2836-426E-9295-C7FF5A1442B3} = {B7E13C3C-1B68-41B6-9914-E17EC9874E0E}
		{6EE9239E-C76D-4492-B91B-B50DBBD295F5} = {B7E13C3C-1B68-41B6-9914-E17EC9874E0E}
		{7D1F4FFE-D38F-45BD-8654-37493D626088} = {2880B014-D162-4C3C-975D-64914126AFD8}
		{597F33D5-A89D-43C8-9665-AF2844ECF67A} = {7D1F4FFE-D38F-45BD-8654-37493D626088}
		{E19564FF-AEA4-4DBC-AF8B-2D752F55DDE6} = {7D1F4FFE-D38F-45BD-8654-37493D626088}
		{9CC4B1F0-D887-4995-B239-643E1E43DCAD} = {7D1F4FFE-D38F-45BD-8654-37493D626088}
		{13221DCB-52F9-4C1D-B89E-9CE734E33104} = {7D1F4FFE-D38F-45BD-8654-37493D626088}
		{A487A6CE-071B-40F9-9CC0-68216F4BA91A} = {7D1F4FFE-D38F-45BD-8654-37493D626088}
		{277111B4-9FD0-48D6-8BA1-DC8B9A246927} = {650DD39C-0A1D-404F-BD7D-2D7B2107E8B6}
		{05DC52E7-F1AB-418B-BC1E-A72BE8DE0C44} = {277111B4-9FD0-48D6-8BA1-DC8B9A246927}
		{F1576120-F814-4052-A5D7-3B8CF925BAEF} = {277111B4-9FD0-48D6-8BA1-DC8B9A246927}
		{A18FDA34-DE1A-4515-9F65-B36013BD7376} = {650DD39C-0A1D-404F-BD7D-2D7B2107E8B6}
		{5EFFF392-4FE5-4144-9BEE-0547061EF84E} = {B7E13C3C-1B68-41B6-9914-E17EC9874E0E}
		{135CF396-1894-40CA-96AC-F12FCBA1924E} = {5EFFF392-4FE5-4144-9BEE-0547061EF84E}
		{D45D9D58-5A29-4131-BC56-3C92E3DEB547} = {5EFFF392-4FE5-4144-9BEE-0547061EF84E}
		{FC22DEFE-1361-44D5-93B7-94FA220CF3F3} = {B7E13C3C-1B68-41B6-9914-E17EC9874E0E}
		{99251C9A-08B3-4925-8555-1C2C52DFB9AA} = {FC22DEFE-1361-44D5-93B7-94FA220CF3F3}
		{C2B305B1-4485-4125-A979-A983C82BC6CF} = {FC22DEFE-1361-44D5-93B7-94FA220CF3F3}
		{94CA62D9-12F5-4EC5-8A11-CAD36C9B5212} = {B7E13C3C-1B68-41B6-9914-E17EC9874E0E}
		{FB7D9778-43CF-45CD-B922-4EE7E84FA13A} = {94CA62D9-12F5-4EC5-8A11-CAD36C9B5212}
		{DFA57B71-45AB-447F-8084-9712E6AE1060} = {94CA62D9-12F5-4EC5-8A11-CAD36C9B5212}
		{84498D98-F4A5-4082-87F3-EB06DC769DDF} = {2880B014-D162-4C3C-975D-64914126AFD8}
		{A6B950E4-2CB3-4443-8701-27B58E941721} = {84498D98-F4A5-4082-87F3-EB06DC769DDF}
		{5C2359E8-B5D9-4511-9238-D984BFAD7841} = {A6B950E4-2CB3-4443-8701-27B58E941721}
		{6B4E555B-909A-4BE5-8383-36BF8E9398A1} = {A6B950E4-2CB3-4443-8701-27B58E941721}
		{832BD20E-4561-45A8-8D51-CBB5D43AFDDF} = {84498D98-F4A5-4082-87F3-EB06DC769DDF}
		{98C32FC1-CB51-47FE-B170-DC10F4C98334} = {832BD20E-4561-45A8-8D51-CBB5D43AFDDF}
		{8F38ED3B-D076-400F-9599-4BD378A4466E} = {832BD20E-4561-45A8-8D51-CBB5D43AFDDF}
		{F1E13151-6784-4669-BA52-05C7C5B5E44B} = {832BD20E-4561-45A8-8D51-CBB5D43AFDDF}
		{99BE3553-F922-4761-B33E-1295DC7F8106} = {832BD20E-4561-45A8-8D51-CBB5D43AFDDF}
		{92B75070-6780-415B-BB58-BAC3CBC76A0E} = {650DD39C-0A1D-404F-BD7D-2D7B2107E8B6}
		{BD54786D-118F-4393-A317-13764FF13BB2} = {92B75070-6780-415B-BB58-BAC3CBC76A0E}
		{0566015F-4B97-4312-A8AD-F8965B118059} = {BD54786D-118F-4393-A317-13764FF13BB2}
		{B116DA14-25DC-4784-BB81-D7672947731E} = {BD54786D-118F-4393-A317-13764FF13BB2}
		{CE465B65-2D77-4A8B-8625-97063B84E0A6} = {92B75070-6780-415B-BB58-BAC3CBC76A0E}
		{BCBD2AEA-34A8-4A23-A71D-9B0F8B20C9C4} = {CE465B65-2D77-4A8B-8625-97063B84E0A6}
		{480E23D4-4AC1-49A7-AAC1-D9F9D669E4F4} = {CE465B65-2D77-4A8B-8625-97063B84E0A6}
		{5444AA62-D15F-48AC-9F49-8F1FE1BE7B4D} = {650DD39C-0A1D-404F-BD7D-2D7B2107E8B6}
		{74D0EE0D-4070-4C18-92C8-2B5D4F1CDABE} = {5444AA62-D15F-48AC-9F49-8F1FE1BE7B4D}
		{447400A4-621C-4E58-AE96-DFC1EB9D08F4} = {74D0EE0D-4070-4C18-92C8-2B5D4F1CDABE}
		{8A05305F-C231-42B7-8EA9-62D61664B6C2} = {5444AA62-D15F-48AC-9F49-8F1FE1BE7B4D}
		{DC9097A7-C30F-4B97-8B98-1AE79D525E2C} = {8A05305F-C231-42B7-8EA9-62D61664B6C2}
		{E1C7FAAE-E76D-4FA5-9AFC-0AD71E5B2300} = {A18FDA34-DE1A-4515-9F65-B36013BD7376}
		{C014DF4C-08FE-49B6-83B4-D2C699C8E575} = {E1C7FAAE-E76D-4FA5-9AFC-0AD71E5B2300}
		{5764E5FB-015D-4B46-9B09-821396127BC6} = {8A05305F-C231-42B7-8EA9-62D61664B6C2}
		{0B20F676-4AF0-40A3-A627-2CB71D9795D1} = {5764E5FB-015D-4B46-9B09-821396127BC6}
		{E70194DC-7F18-4EF0-855B-E9FFD69F66E3} = {5764E5FB-015D-4B46-9B09-821396127BC6}
		{988E0BE7-5519-411F-BAC5-371B3DB855C4} = {5764E5FB-015D-4B46-9B09-821396127BC6}
		{AB73A1FF-8716-41C7-B181-4FFC1B73B063} = {5764E5FB-015D-4B46-9B09-821396127BC6}
		{582D3661-A678-4D68-870A-991CD7B101C5} = {5764E5FB-015D-4B46-9B09-821396127BC6}
		{7DB3A552-4CB5-45E2-AEB3-8F7DC185D594} = {5764E5FB-015D-4B46-9B09-821396127BC6}
		{542A5CA2-4552-4DA8-BDAA-07181A164541} = {E1C7FAAE-E76D-4FA5-9AFC-0AD71E5B2300}
		{02954E8D-7471-47BB-AC96-FBFC67213446} = {542A5CA2-4552-4DA8-BDAA-07181A164541}
		{7FB0D9F3-D596-43FD-8B38-3E773E8D5A57} = {542A5CA2-4552-4DA8-BDAA-07181A164541}
		{C11A4758-276F-4BFD-99ED-D8A99CEA3F80} = {542A5CA2-4552-4DA8-BDAA-07181A164541}
		{C9C6ECB4-CA81-409E-B7C8-DB9F1E05058E} = {542A5CA2-4552-4DA8-BDAA-07181A164541}
		{C02B0F95-0B2A-48DD-B347-2F18DF68EA65} = {542A5CA2-4552-4DA8-BDAA-07181A164541}
		{758DD4EF-F1E0-48C9-9C46-B3C4370CE84B} = {542A5CA2-4552-4DA8-BDAA-07181A164541}
		{C8B3B393-FED9-4C1A-8C39-5271199ACFE4} = {A18FDA34-DE1A-4515-9F65-B36013BD7376}
		{06F93311-548F-4602-8E70-1223012B2DA4} = {C8B3B393-FED9-4C1A-8C39-5271199ACFE4}
		{6DD3F148-2E88-4210-8B2E-95C0EC69E528} = {A18FDA34-DE1A-4515-9F65-B36013BD7376}
		{1814D43E-9C6A-4FFF-BA6E-DFA9D829F42B} = {650DD39C-0A1D-404F-BD7D-2D7B2107E8B6}
	EndGlobalSection
	GlobalSection(ExtensibilityGlobals) = postSolution
		SolutionGuid = {E41A67F9-EB77-48CD-B5D3-A81ACEDD96C0}
	EndGlobalSection
EndGlobal
