
Microsoft Visual Studio Solution File, Format Version 12.00
Project("{FAE04EC0-301F-11D3-BF4B-00C04F79EFBC}") = "Zaaby", "Zaaby\Zaaby.csproj", "{7BA7A1E2-B800-4DE1-B8B4-CF5A54830DF5}"
EndProject
Project("{FAE04EC0-301F-11D3-BF4B-00C04F79EFBC}") = "Zaaby.Core", "Zaaby.Core\Zaaby.Core.csproj", "{843B351F-CDB7-40DE-98E5-59678127CC6E}"
EndProject
Project("{2150E333-8FDC-42A3-9474-1A3956D46DE8}") = "Demo", "Demo", "{E0BD883E-A46F-4435-99AF-19F36D4DD282}"
EndProject
Project("{2150E333-8FDC-42A3-9474-1A3956D46DE8}") = "FinanceSystem", "FinanceSystem", "{8AB78D77-F79F-4D9B-874A-7F0A888BCC5A}"
EndProject
Project("{2150E333-8FDC-42A3-9474-1A3956D46DE8}") = "OrderSystem", "OrderSystem", "{0BE71C39-92A3-4D12-BCBE-C740CDD69BF4}"
EndProject
Project("{2150E333-8FDC-42A3-9474-1A3956D46DE8}") = "ShippingSystem", "ShippingSystem", "{0741E741-5E7D-4564-9022-19F05407476D}"
EndProject
Project("{FAE04EC0-301F-11D3-BF4B-00C04F79EFBC}") = "OrderApplication", "Demo\OrderSystem\OrderApplication\OrderApplication.csproj", "{494148A2-F78F-40DB-A2B5-5C0CFC30A002}"
EndProject
Project("{FAE04EC0-301F-11D3-BF4B-00C04F79EFBC}") = "OrderDomain", "Demo\OrderSystem\OrderDomain\OrderDomain.csproj", "{97D8C004-8843-4ECF-8485-EDAC60A1F43B}"
EndProject
Project("{FAE04EC0-301F-11D3-BF4B-00C04F79EFBC}") = "IOrderApplication", "Demo\OrderSystem\IOrderApplication\IOrderApplication.csproj", "{9849CE9B-6030-401B-950C-D327B2126EEC}"
EndProject
Project("{FAE04EC0-301F-11D3-BF4B-00C04F79EFBC}") = "IOrderRepository", "Demo\OrderSystem\IOrderRepository\IOrderRepository.csproj", "{9710C3F8-0A63-4304-A433-7B2977878E11}"
EndProject
Project("{FAE04EC0-301F-11D3-BF4B-00C04F79EFBC}") = "OrderRepository", "Demo\OrderSystem\OrderRepository\OrderRepository.csproj", "{BDDA9A52-9102-46CC-A538-D02C1EA0F584}"
EndProject
Project("{FAE04EC0-301F-11D3-BF4B-00C04F79EFBC}") = "OrderHost", "Demo\OrderHost\OrderHost.csproj", "{D031874F-DB8D-49D1-A323-9C02E82B8EDC}"
EndProject
Project("{FAE04EC0-301F-11D3-BF4B-00C04F79EFBC}") = "FinanceHost", "Demo\FinanceHost\FinanceHost.csproj", "{44FF1390-838A-4B53-B1D2-30BE842DEEC8}"
EndProject
Project("{FAE04EC0-301F-11D3-BF4B-00C04F79EFBC}") = "ShippingHost", "Demo\ShippingHost\ShippingHost.csproj", "{2315A100-2551-46E4-8DCE-37729095E286}"
EndProject
Global
	GlobalSection(SolutionConfigurationPlatforms) = preSolution
		Debug|Any CPU = Debug|Any CPU
		Release|Any CPU = Release|Any CPU
	EndGlobalSection
	GlobalSection(ProjectConfigurationPlatforms) = postSolution
		{7BA7A1E2-B800-4DE1-B8B4-CF5A54830DF5}.Debug|Any CPU.ActiveCfg = Debug|Any CPU
		{7BA7A1E2-B800-4DE1-B8B4-CF5A54830DF5}.Debug|Any CPU.Build.0 = Debug|Any CPU
		{7BA7A1E2-B800-4DE1-B8B4-CF5A54830DF5}.Release|Any CPU.ActiveCfg = Release|Any CPU
		{7BA7A1E2-B800-4DE1-B8B4-CF5A54830DF5}.Release|Any CPU.Build.0 = Release|Any CPU
		{843B351F-CDB7-40DE-98E5-59678127CC6E}.Debug|Any CPU.ActiveCfg = Debug|Any CPU
		{843B351F-CDB7-40DE-98E5-59678127CC6E}.Debug|Any CPU.Build.0 = Debug|Any CPU
		{843B351F-CDB7-40DE-98E5-59678127CC6E}.Release|Any CPU.ActiveCfg = Release|Any CPU
		{843B351F-CDB7-40DE-98E5-59678127CC6E}.Release|Any CPU.Build.0 = Release|Any CPU
		{494148A2-F78F-40DB-A2B5-5C0CFC30A002}.Debug|Any CPU.ActiveCfg = Debug|Any CPU
		{494148A2-F78F-40DB-A2B5-5C0CFC30A002}.Debug|Any CPU.Build.0 = Debug|Any CPU
		{494148A2-F78F-40DB-A2B5-5C0CFC30A002}.Release|Any CPU.ActiveCfg = Release|Any CPU
		{494148A2-F78F-40DB-A2B5-5C0CFC30A002}.Release|Any CPU.Build.0 = Release|Any CPU
		{97D8C004-8843-4ECF-8485-EDAC60A1F43B}.Debug|Any CPU.ActiveCfg = Debug|Any CPU
		{97D8C004-8843-4ECF-8485-EDAC60A1F43B}.Debug|Any CPU.Build.0 = Debug|Any CPU
		{97D8C004-8843-4ECF-8485-EDAC60A1F43B}.Release|Any CPU.ActiveCfg = Release|Any CPU
		{97D8C004-8843-4ECF-8485-EDAC60A1F43B}.Release|Any CPU.Build.0 = Release|Any CPU
		{9849CE9B-6030-401B-950C-D327B2126EEC}.Debug|Any CPU.ActiveCfg = Debug|Any CPU
		{9849CE9B-6030-401B-950C-D327B2126EEC}.Debug|Any CPU.Build.0 = Debug|Any CPU
		{9849CE9B-6030-401B-950C-D327B2126EEC}.Release|Any CPU.ActiveCfg = Release|Any CPU
		{9849CE9B-6030-401B-950C-D327B2126EEC}.Release|Any CPU.Build.0 = Release|Any CPU
		{9710C3F8-0A63-4304-A433-7B2977878E11}.Debug|Any CPU.ActiveCfg = Debug|Any CPU
		{9710C3F8-0A63-4304-A433-7B2977878E11}.Debug|Any CPU.Build.0 = Debug|Any CPU
		{9710C3F8-0A63-4304-A433-7B2977878E11}.Release|Any CPU.ActiveCfg = Release|Any CPU
		{9710C3F8-0A63-4304-A433-7B2977878E11}.Release|Any CPU.Build.0 = Release|Any CPU
		{BDDA9A52-9102-46CC-A538-D02C1EA0F584}.Debug|Any CPU.ActiveCfg = Debug|Any CPU
		{BDDA9A52-9102-46CC-A538-D02C1EA0F584}.Debug|Any CPU.Build.0 = Debug|Any CPU
		{BDDA9A52-9102-46CC-A538-D02C1EA0F584}.Release|Any CPU.ActiveCfg = Release|Any CPU
		{BDDA9A52-9102-46CC-A538-D02C1EA0F584}.Release|Any CPU.Build.0 = Release|Any CPU
		{D031874F-DB8D-49D1-A323-9C02E82B8EDC}.Debug|Any CPU.ActiveCfg = Debug|Any CPU
		{D031874F-DB8D-49D1-A323-9C02E82B8EDC}.Debug|Any CPU.Build.0 = Debug|Any CPU
		{D031874F-DB8D-49D1-A323-9C02E82B8EDC}.Release|Any CPU.ActiveCfg = Release|Any CPU
		{D031874F-DB8D-49D1-A323-9C02E82B8EDC}.Release|Any CPU.Build.0 = Release|Any CPU
		{44FF1390-838A-4B53-B1D2-30BE842DEEC8}.Debug|Any CPU.ActiveCfg = Debug|Any CPU
		{44FF1390-838A-4B53-B1D2-30BE842DEEC8}.Debug|Any CPU.Build.0 = Debug|Any CPU
		{44FF1390-838A-4B53-B1D2-30BE842DEEC8}.Release|Any CPU.ActiveCfg = Release|Any CPU
		{44FF1390-838A-4B53-B1D2-30BE842DEEC8}.Release|Any CPU.Build.0 = Release|Any CPU
		{2315A100-2551-46E4-8DCE-37729095E286}.Debug|Any CPU.ActiveCfg = Debug|Any CPU
		{2315A100-2551-46E4-8DCE-37729095E286}.Debug|Any CPU.Build.0 = Debug|Any CPU
		{2315A100-2551-46E4-8DCE-37729095E286}.Release|Any CPU.ActiveCfg = Release|Any CPU
		{2315A100-2551-46E4-8DCE-37729095E286}.Release|Any CPU.Build.0 = Release|Any CPU
	EndGlobalSection
	GlobalSection(NestedProjects) = preSolution
		{8AB78D77-F79F-4D9B-874A-7F0A888BCC5A} = {E0BD883E-A46F-4435-99AF-19F36D4DD282}
		{0BE71C39-92A3-4D12-BCBE-C740CDD69BF4} = {E0BD883E-A46F-4435-99AF-19F36D4DD282}
		{0741E741-5E7D-4564-9022-19F05407476D} = {E0BD883E-A46F-4435-99AF-19F36D4DD282}
		{494148A2-F78F-40DB-A2B5-5C0CFC30A002} = {0BE71C39-92A3-4D12-BCBE-C740CDD69BF4}
		{97D8C004-8843-4ECF-8485-EDAC60A1F43B} = {0BE71C39-92A3-4D12-BCBE-C740CDD69BF4}
		{9849CE9B-6030-401B-950C-D327B2126EEC} = {0BE71C39-92A3-4D12-BCBE-C740CDD69BF4}
		{9710C3F8-0A63-4304-A433-7B2977878E11} = {0BE71C39-92A3-4D12-BCBE-C740CDD69BF4}
		{BDDA9A52-9102-46CC-A538-D02C1EA0F584} = {0BE71C39-92A3-4D12-BCBE-C740CDD69BF4}
		{D031874F-DB8D-49D1-A323-9C02E82B8EDC} = {E0BD883E-A46F-4435-99AF-19F36D4DD282}
		{44FF1390-838A-4B53-B1D2-30BE842DEEC8} = {E0BD883E-A46F-4435-99AF-19F36D4DD282}
		{2315A100-2551-46E4-8DCE-37729095E286} = {E0BD883E-A46F-4435-99AF-19F36D4DD282}
	EndGlobalSection
EndGlobal
