
Microsoft Visual Studio Solution File, Format Version 12.00
# Visual Studio 15
VisualStudioVersion = 15.0.27703.2018
MinimumVisualStudioVersion = 10.0.40219.1
Project("{2150E333-8FDC-42A3-9474-1A3956D46DE8}") = "demo", "demo", "{E0BD883E-A46F-4435-99AF-19F36D4DD282}"
EndProject
Project("{9A19103F-16F7-4668-BE54-9A1E7A4F7556}") = "Interfaces", "Demo\Interfaces\Interfaces.csproj", "{786AD7AF-E284-474B-A2B3-B6473E090175}"
EndProject
Project("{2150E333-8FDC-42A3-9474-1A3956D46DE8}") = "src", "src", "{A8121E45-FC80-4578-8791-7EB2867F4D38}"
EndProject
Project("{FAE04EC0-301F-11D3-BF4B-00C04F79EFBC}") = "Zaaby.Client", "src\Zaaby.Client\Zaaby.Client.csproj", "{26890D11-B09A-4B78-9A9F-F2F2B40E5218}"
EndProject
Project("{FAE04EC0-301F-11D3-BF4B-00C04F79EFBC}") = "Zaaby.MessageHub.RabbitMQ", "src\Zaaby.MessageHub.RabbitMQ\Zaaby.MessageHub.RabbitMQ.csproj", "{798DA484-6E89-4224-8512-6FB5F30D9D07}"
EndProject
Project("{FAE04EC0-301F-11D3-BF4B-00C04F79EFBC}") = "Zaaby", "src\Zaaby\Zaaby.csproj", "{FB39B898-AD30-486C-A845-B6E681B81061}"
EndProject
Project("{2150E333-8FDC-42A3-9474-1A3956D46DE8}") = "AliceSystem", "AliceSystem", "{7C89DE4F-BAB7-4155-AF40-C495A33CE335}"
EndProject
Project("{2150E333-8FDC-42A3-9474-1A3956D46DE8}") = "BobSystem", "BobSystem", "{47340AF8-D60F-4B6C-9CBC-F7F578574D94}"
EndProject
Project("{FAE04EC0-301F-11D3-BF4B-00C04F79EFBC}") = "IAliceServices", "demo\AliceSystem\IAliceServices\IAliceServices.csproj", "{C9F37686-D02F-4490-8478-B468EBA0710E}"
EndProject
Project("{FAE04EC0-301F-11D3-BF4B-00C04F79EFBC}") = "IBobServices", "demo\BobSystem\IBobServices\IBobServices.csproj", "{ED9BFAE6-4869-4CB1-92F6-FBCC618C51AA}"
EndProject
Project("{2150E333-8FDC-42A3-9474-1A3956D46DE8}") = "CarolSystem", "CarolSystem", "{0CE9AFC3-2D5D-471B-9734-C64C48AEC4F7}"
EndProject
Project("{FAE04EC0-301F-11D3-BF4B-00C04F79EFBC}") = "BobService", "demo\BobSystem\BobService\BobService.csproj", "{8A68FDD6-2752-4DAB-A13E-41A87F42CF15}"
EndProject
Project("{FAE04EC0-301F-11D3-BF4B-00C04F79EFBC}") = "CarolServices", "demo\CarolSystem\CarolServices\CarolServices.csproj", "{088770BA-3910-4AD1-979A-9EDFCC1D8D87}"
EndProject
Project("{FAE04EC0-301F-11D3-BF4B-00C04F79EFBC}") = "AliceServices", "demo\AliceSystem\AliceServices\AliceServices.csproj", "{B23B0FEF-2885-4E2A-B3CF-C1695DD592E1}"
EndProject
Project("{FAE04EC0-301F-11D3-BF4B-00C04F79EFBC}") = "AliceHost", "demo\AliceHost\AliceHost.csproj", "{3064600C-43BF-491F-BDF2-7B20B03F607D}"
EndProject
Project("{FAE04EC0-301F-11D3-BF4B-00C04F79EFBC}") = "BobHost", "demo\BobHost\BobHost.csproj", "{AE45B29A-51E3-48BC-91D3-D97A30000491}"
EndProject
Project("{FAE04EC0-301F-11D3-BF4B-00C04F79EFBC}") = "CarolHost", "demo\CarolHost\CarolHost.csproj", "{596DD7F6-B517-4A8B-ABE3-1E16A4723682}"
EndProject
Project("{FAE04EC0-301F-11D3-BF4B-00C04F79EFBC}") = "Zaaby.Service", "src\Zaaby.Service\Zaaby.Service.csproj", "{7EA38F04-2EA4-4E2A-BA49-D121058E47E3}"
EndProject
Project("{FAE04EC0-301F-11D3-BF4B-00C04F79EFBC}") = "Zaaby.Common", "src\Zaaby.Common\Zaaby.Common.csproj", "{3124644D-03C2-4513-9790-07B65202E626}"
EndProject
Project("{FAE04EC0-301F-11D3-BF4B-00C04F79EFBC}") = "ICarolServices", "demo\CarolSystem\ICarolServices\ICarolServices.csproj", "{67013D3A-011E-4603-9D66-851A3CF4BB3E}"
EndProject
Project("{FAE04EC0-301F-11D3-BF4B-00C04F79EFBC}") = "AllApiHost", "demo\AllApiHost\AllApiHost.csproj", "{306DB923-C4E4-431E-B001-14306FACCEDA}"
EndProject
Project("{2150E333-8FDC-42A3-9474-1A3956D46DE8}") = "tests", "tests", "{9C5D1C18-AB9B-4A01-9A06-375198D440C0}"
EndProject
Project("{FAE04EC0-301F-11D3-BF4B-00C04F79EFBC}") = "Zaaby.Common.Test", "tests\Zaaby.Common.Test\Zaaby.Common.Test.csproj", "{E9DE5BF6-BD26-4FDD-B18B-32A8A56EA697}"
EndProject
Global
	GlobalSection(SolutionConfigurationPlatforms) = preSolution
		Debug|Any CPU = Debug|Any CPU
		Release|Any CPU = Release|Any CPU
	EndGlobalSection
	GlobalSection(ProjectConfigurationPlatforms) = postSolution
		{786AD7AF-E284-474B-A2B3-B6473E090175}.Debug|Any CPU.ActiveCfg = Debug|Any CPU
		{786AD7AF-E284-474B-A2B3-B6473E090175}.Debug|Any CPU.Build.0 = Debug|Any CPU
		{786AD7AF-E284-474B-A2B3-B6473E090175}.Release|Any CPU.ActiveCfg = Release|Any CPU
		{786AD7AF-E284-474B-A2B3-B6473E090175}.Release|Any CPU.Build.0 = Release|Any CPU
		{26890D11-B09A-4B78-9A9F-F2F2B40E5218}.Debug|Any CPU.ActiveCfg = Debug|Any CPU
		{26890D11-B09A-4B78-9A9F-F2F2B40E5218}.Debug|Any CPU.Build.0 = Debug|Any CPU
		{26890D11-B09A-4B78-9A9F-F2F2B40E5218}.Release|Any CPU.ActiveCfg = Release|Any CPU
		{26890D11-B09A-4B78-9A9F-F2F2B40E5218}.Release|Any CPU.Build.0 = Release|Any CPU
		{798DA484-6E89-4224-8512-6FB5F30D9D07}.Debug|Any CPU.ActiveCfg = Debug|Any CPU
		{798DA484-6E89-4224-8512-6FB5F30D9D07}.Debug|Any CPU.Build.0 = Debug|Any CPU
		{798DA484-6E89-4224-8512-6FB5F30D9D07}.Release|Any CPU.ActiveCfg = Release|Any CPU
		{798DA484-6E89-4224-8512-6FB5F30D9D07}.Release|Any CPU.Build.0 = Release|Any CPU
		{FB39B898-AD30-486C-A845-B6E681B81061}.Debug|Any CPU.ActiveCfg = Debug|Any CPU
		{FB39B898-AD30-486C-A845-B6E681B81061}.Debug|Any CPU.Build.0 = Debug|Any CPU
		{FB39B898-AD30-486C-A845-B6E681B81061}.Release|Any CPU.ActiveCfg = Release|Any CPU
		{FB39B898-AD30-486C-A845-B6E681B81061}.Release|Any CPU.Build.0 = Release|Any CPU
		{C9F37686-D02F-4490-8478-B468EBA0710E}.Debug|Any CPU.ActiveCfg = Debug|Any CPU
		{C9F37686-D02F-4490-8478-B468EBA0710E}.Debug|Any CPU.Build.0 = Debug|Any CPU
		{C9F37686-D02F-4490-8478-B468EBA0710E}.Release|Any CPU.ActiveCfg = Release|Any CPU
		{C9F37686-D02F-4490-8478-B468EBA0710E}.Release|Any CPU.Build.0 = Release|Any CPU
		{ED9BFAE6-4869-4CB1-92F6-FBCC618C51AA}.Debug|Any CPU.ActiveCfg = Debug|Any CPU
		{ED9BFAE6-4869-4CB1-92F6-FBCC618C51AA}.Debug|Any CPU.Build.0 = Debug|Any CPU
		{ED9BFAE6-4869-4CB1-92F6-FBCC618C51AA}.Release|Any CPU.ActiveCfg = Release|Any CPU
		{ED9BFAE6-4869-4CB1-92F6-FBCC618C51AA}.Release|Any CPU.Build.0 = Release|Any CPU
		{8A68FDD6-2752-4DAB-A13E-41A87F42CF15}.Debug|Any CPU.ActiveCfg = Debug|Any CPU
		{8A68FDD6-2752-4DAB-A13E-41A87F42CF15}.Debug|Any CPU.Build.0 = Debug|Any CPU
		{8A68FDD6-2752-4DAB-A13E-41A87F42CF15}.Release|Any CPU.ActiveCfg = Release|Any CPU
		{8A68FDD6-2752-4DAB-A13E-41A87F42CF15}.Release|Any CPU.Build.0 = Release|Any CPU
		{088770BA-3910-4AD1-979A-9EDFCC1D8D87}.Debug|Any CPU.ActiveCfg = Debug|Any CPU
		{088770BA-3910-4AD1-979A-9EDFCC1D8D87}.Debug|Any CPU.Build.0 = Debug|Any CPU
		{088770BA-3910-4AD1-979A-9EDFCC1D8D87}.Release|Any CPU.ActiveCfg = Release|Any CPU
		{088770BA-3910-4AD1-979A-9EDFCC1D8D87}.Release|Any CPU.Build.0 = Release|Any CPU
		{B23B0FEF-2885-4E2A-B3CF-C1695DD592E1}.Debug|Any CPU.ActiveCfg = Debug|Any CPU
		{B23B0FEF-2885-4E2A-B3CF-C1695DD592E1}.Debug|Any CPU.Build.0 = Debug|Any CPU
		{B23B0FEF-2885-4E2A-B3CF-C1695DD592E1}.Release|Any CPU.ActiveCfg = Release|Any CPU
		{B23B0FEF-2885-4E2A-B3CF-C1695DD592E1}.Release|Any CPU.Build.0 = Release|Any CPU
		{3064600C-43BF-491F-BDF2-7B20B03F607D}.Debug|Any CPU.ActiveCfg = Debug|Any CPU
		{3064600C-43BF-491F-BDF2-7B20B03F607D}.Debug|Any CPU.Build.0 = Debug|Any CPU
		{3064600C-43BF-491F-BDF2-7B20B03F607D}.Release|Any CPU.ActiveCfg = Release|Any CPU
		{3064600C-43BF-491F-BDF2-7B20B03F607D}.Release|Any CPU.Build.0 = Release|Any CPU
		{AE45B29A-51E3-48BC-91D3-D97A30000491}.Debug|Any CPU.ActiveCfg = Debug|Any CPU
		{AE45B29A-51E3-48BC-91D3-D97A30000491}.Debug|Any CPU.Build.0 = Debug|Any CPU
		{AE45B29A-51E3-48BC-91D3-D97A30000491}.Release|Any CPU.ActiveCfg = Release|Any CPU
		{AE45B29A-51E3-48BC-91D3-D97A30000491}.Release|Any CPU.Build.0 = Release|Any CPU
		{596DD7F6-B517-4A8B-ABE3-1E16A4723682}.Debug|Any CPU.ActiveCfg = Debug|Any CPU
		{596DD7F6-B517-4A8B-ABE3-1E16A4723682}.Debug|Any CPU.Build.0 = Debug|Any CPU
		{596DD7F6-B517-4A8B-ABE3-1E16A4723682}.Release|Any CPU.ActiveCfg = Release|Any CPU
		{596DD7F6-B517-4A8B-ABE3-1E16A4723682}.Release|Any CPU.Build.0 = Release|Any CPU
		{7EA38F04-2EA4-4E2A-BA49-D121058E47E3}.Debug|Any CPU.ActiveCfg = Debug|Any CPU
		{7EA38F04-2EA4-4E2A-BA49-D121058E47E3}.Debug|Any CPU.Build.0 = Debug|Any CPU
		{7EA38F04-2EA4-4E2A-BA49-D121058E47E3}.Release|Any CPU.ActiveCfg = Release|Any CPU
		{7EA38F04-2EA4-4E2A-BA49-D121058E47E3}.Release|Any CPU.Build.0 = Release|Any CPU
		{3124644D-03C2-4513-9790-07B65202E626}.Debug|Any CPU.ActiveCfg = Debug|Any CPU
		{3124644D-03C2-4513-9790-07B65202E626}.Debug|Any CPU.Build.0 = Debug|Any CPU
		{3124644D-03C2-4513-9790-07B65202E626}.Release|Any CPU.ActiveCfg = Release|Any CPU
		{3124644D-03C2-4513-9790-07B65202E626}.Release|Any CPU.Build.0 = Release|Any CPU
		{67013D3A-011E-4603-9D66-851A3CF4BB3E}.Debug|Any CPU.ActiveCfg = Debug|Any CPU
		{67013D3A-011E-4603-9D66-851A3CF4BB3E}.Debug|Any CPU.Build.0 = Debug|Any CPU
		{67013D3A-011E-4603-9D66-851A3CF4BB3E}.Release|Any CPU.ActiveCfg = Release|Any CPU
		{67013D3A-011E-4603-9D66-851A3CF4BB3E}.Release|Any CPU.Build.0 = Release|Any CPU
		{306DB923-C4E4-431E-B001-14306FACCEDA}.Debug|Any CPU.ActiveCfg = Debug|Any CPU
		{306DB923-C4E4-431E-B001-14306FACCEDA}.Debug|Any CPU.Build.0 = Debug|Any CPU
		{306DB923-C4E4-431E-B001-14306FACCEDA}.Release|Any CPU.ActiveCfg = Release|Any CPU
		{306DB923-C4E4-431E-B001-14306FACCEDA}.Release|Any CPU.Build.0 = Release|Any CPU
		{E9DE5BF6-BD26-4FDD-B18B-32A8A56EA697}.Debug|Any CPU.ActiveCfg = Debug|Any CPU
		{E9DE5BF6-BD26-4FDD-B18B-32A8A56EA697}.Debug|Any CPU.Build.0 = Debug|Any CPU
		{E9DE5BF6-BD26-4FDD-B18B-32A8A56EA697}.Release|Any CPU.ActiveCfg = Release|Any CPU
		{E9DE5BF6-BD26-4FDD-B18B-32A8A56EA697}.Release|Any CPU.Build.0 = Release|Any CPU
	EndGlobalSection
	GlobalSection(SolutionProperties) = preSolution
		HideSolutionNode = FALSE
	EndGlobalSection
	GlobalSection(NestedProjects) = preSolution
		{786AD7AF-E284-474B-A2B3-B6473E090175} = {E0BD883E-A46F-4435-99AF-19F36D4DD282}
		{26890D11-B09A-4B78-9A9F-F2F2B40E5218} = {A8121E45-FC80-4578-8791-7EB2867F4D38}
		{798DA484-6E89-4224-8512-6FB5F30D9D07} = {A8121E45-FC80-4578-8791-7EB2867F4D38}
		{FB39B898-AD30-486C-A845-B6E681B81061} = {A8121E45-FC80-4578-8791-7EB2867F4D38}
		{7C89DE4F-BAB7-4155-AF40-C495A33CE335} = {E0BD883E-A46F-4435-99AF-19F36D4DD282}
		{47340AF8-D60F-4B6C-9CBC-F7F578574D94} = {E0BD883E-A46F-4435-99AF-19F36D4DD282}
		{C9F37686-D02F-4490-8478-B468EBA0710E} = {7C89DE4F-BAB7-4155-AF40-C495A33CE335}
		{ED9BFAE6-4869-4CB1-92F6-FBCC618C51AA} = {47340AF8-D60F-4B6C-9CBC-F7F578574D94}
		{0CE9AFC3-2D5D-471B-9734-C64C48AEC4F7} = {E0BD883E-A46F-4435-99AF-19F36D4DD282}
		{8A68FDD6-2752-4DAB-A13E-41A87F42CF15} = {47340AF8-D60F-4B6C-9CBC-F7F578574D94}
		{088770BA-3910-4AD1-979A-9EDFCC1D8D87} = {0CE9AFC3-2D5D-471B-9734-C64C48AEC4F7}
		{B23B0FEF-2885-4E2A-B3CF-C1695DD592E1} = {7C89DE4F-BAB7-4155-AF40-C495A33CE335}
		{3064600C-43BF-491F-BDF2-7B20B03F607D} = {E0BD883E-A46F-4435-99AF-19F36D4DD282}
		{AE45B29A-51E3-48BC-91D3-D97A30000491} = {E0BD883E-A46F-4435-99AF-19F36D4DD282}
		{596DD7F6-B517-4A8B-ABE3-1E16A4723682} = {E0BD883E-A46F-4435-99AF-19F36D4DD282}
		{7EA38F04-2EA4-4E2A-BA49-D121058E47E3} = {A8121E45-FC80-4578-8791-7EB2867F4D38}
		{3124644D-03C2-4513-9790-07B65202E626} = {A8121E45-FC80-4578-8791-7EB2867F4D38}
		{67013D3A-011E-4603-9D66-851A3CF4BB3E} = {0CE9AFC3-2D5D-471B-9734-C64C48AEC4F7}
		{306DB923-C4E4-431E-B001-14306FACCEDA} = {E0BD883E-A46F-4435-99AF-19F36D4DD282}
		{E9DE5BF6-BD26-4FDD-B18B-32A8A56EA697} = {9C5D1C18-AB9B-4A01-9A06-375198D440C0}
	EndGlobalSection
	GlobalSection(ExtensibilityGlobals) = postSolution
		SolutionGuid = {814A5486-0EE4-4BD6-8DB7-B07D3B51C4BB}
	EndGlobalSection
EndGlobal
